
Microsoft Visual Studio Solution File, Format Version 12.00
# Visual Studio Version 17
VisualStudioVersion = 17.7.34221.43
MinimumVisualStudioVersion = 10.0.40219.1
Project("{FAE04EC0-301F-11D3-BF4B-00C04F79EFBC}") = "RestaurantBeheerProject.Domain", "RestaurantBeheerProject.Domain\RestaurantBeheerProject.Domain.csproj", "{0D80D42D-C167-462F-A57D-4AFB5028285D}"
EndProject
Global
	GlobalSection(SolutionConfigurationPlatforms) = preSolution
		Debug|Any CPU = Debug|Any CPU
		Release|Any CPU = Release|Any CPU
	EndGlobalSection
	GlobalSection(ProjectConfigurationPlatforms) = postSolution
		{0D80D42D-C167-462F-A57D-4AFB5028285D}.Debug|Any CPU.ActiveCfg = Debug|Any CPU
		{0D80D42D-C167-462F-A57D-4AFB5028285D}.Debug|Any CPU.Build.0 = Debug|Any CPU
		{0D80D42D-C167-462F-A57D-4AFB5028285D}.Release|Any CPU.ActiveCfg = Release|Any CPU
		{0D80D42D-C167-462F-A57D-4AFB5028285D}.Release|Any CPU.Build.0 = Release|Any CPU
	EndGlobalSection
	GlobalSection(SolutionProperties) = preSolution
		HideSolutionNode = FALSE
	EndGlobalSection
	GlobalSection(ExtensibilityGlobals) = postSolution
		SolutionGuid = {A8DFECFD-EE88-4F7F-965E-2E3C52ECBB4F}
	EndGlobalSection
EndGlobal
